
Microsoft Visual Studio Solution File, Format Version 12.00
# Visual Studio Version 17
VisualStudioVersion = 17.4.33122.133
MinimumVisualStudioVersion = 10.0.40219.1
Project("{FAE04EC0-301F-11D3-BF4B-00C04F79EFBC}") = "Online Post Office Management System", "Online Post Office Management System.csproj", "{81993FA5-4F66-4A91-8CD5-11E8E8F7D85E}"
EndProject
Global
	GlobalSection(SolutionConfigurationPlatforms) = preSolution
		Debug|Any CPU = Debug|Any CPU
		Release|Any CPU = Release|Any CPU
	EndGlobalSection
	GlobalSection(ProjectConfigurationPlatforms) = postSolution
		{81993FA5-4F66-4A91-8CD5-11E8E8F7D85E}.Debug|Any CPU.ActiveCfg = Debug|Any CPU
		{81993FA5-4F66-4A91-8CD5-11E8E8F7D85E}.Debug|Any CPU.Build.0 = Debug|Any CPU
		{81993FA5-4F66-4A91-8CD5-11E8E8F7D85E}.Release|Any CPU.ActiveCfg = Release|Any CPU
		{81993FA5-4F66-4A91-8CD5-11E8E8F7D85E}.Release|Any CPU.Build.0 = Release|Any CPU
	EndGlobalSection
	GlobalSection(SolutionProperties) = preSolution
		HideSolutionNode = FALSE
	EndGlobalSection
	GlobalSection(ExtensibilityGlobals) = postSolution
		SolutionGuid = {6F92F5DD-F65D-4F49-8A0E-B4E3781CCA4F}
	EndGlobalSection
EndGlobal
